
Microsoft Visual Studio Solution File, Format Version 12.00
# Visual Studio Version 17
VisualStudioVersion = 17.10.34607.79
MinimumVisualStudioVersion = 10.0.40219.1
Project("{9A19103F-16F7-4668-BE54-9A1E7A4F7556}") = "Module_14_Exception_Console", "Module_14_Exception_Console.csproj", "{891BD3D0-ED95-429B-B7E3-3428AF463532}"
EndProject
Project("{FAE04EC0-301F-11D3-BF4B-00C04F79EFBC}") = "MyLibrary", "..\MyLibrary\MyLibrary.csproj", "{7C7B3EE1-6DEC-4B35-A968-3B68AC81E8C2}"
EndProject
Global
	GlobalSection(SolutionConfigurationPlatforms) = preSolution
		Debug|Any CPU = Debug|Any CPU
		Release|Any CPU = Release|Any CPU
	EndGlobalSection
	GlobalSection(ProjectConfigurationPlatforms) = postSolution
		{891BD3D0-ED95-429B-B7E3-3428AF463532}.Debug|Any CPU.ActiveCfg = Debug|Any CPU
		{891BD3D0-ED95-429B-B7E3-3428AF463532}.Debug|Any CPU.Build.0 = Debug|Any CPU
		{891BD3D0-ED95-429B-B7E3-3428AF463532}.Release|Any CPU.ActiveCfg = Release|Any CPU
		{891BD3D0-ED95-429B-B7E3-3428AF463532}.Release|Any CPU.Build.0 = Release|Any CPU
		{7C7B3EE1-6DEC-4B35-A968-3B68AC81E8C2}.Debug|Any CPU.ActiveCfg = Debug|Any CPU
		{7C7B3EE1-6DEC-4B35-A968-3B68AC81E8C2}.Debug|Any CPU.Build.0 = Debug|Any CPU
		{7C7B3EE1-6DEC-4B35-A968-3B68AC81E8C2}.Release|Any CPU.ActiveCfg = Release|Any CPU
		{7C7B3EE1-6DEC-4B35-A968-3B68AC81E8C2}.Release|Any CPU.Build.0 = Release|Any CPU
	EndGlobalSection
	GlobalSection(SolutionProperties) = preSolution
		HideSolutionNode = FALSE
	EndGlobalSection
	GlobalSection(ExtensibilityGlobals) = postSolution
		SolutionGuid = {23A8CD96-BC34-4B99-A4A2-1B98284F5891}
	EndGlobalSection
EndGlobal
